
Microsoft Visual Studio Solution File, Format Version 12.00
# Visual Studio Version 16
VisualStudioVersion = 16.0.30413.136
MinimumVisualStudioVersion = 10.0.40219.1
Project("{FAE04EC0-301F-11D3-BF4B-00C04F79EFBC}") = "RUBICtest", "RUBICtest\RUBICtest.csproj", "{D27CCB5B-82E1-4879-A24D-7562F8E9074A}"
EndProject
Global
	GlobalSection(SolutionConfigurationPlatforms) = preSolution
		Debug|Any CPU = Debug|Any CPU
		Release|Any CPU = Release|Any CPU
	EndGlobalSection
	GlobalSection(ProjectConfigurationPlatforms) = postSolution
		{D27CCB5B-82E1-4879-A24D-7562F8E9074A}.Debug|Any CPU.ActiveCfg = Debug|Any CPU
		{D27CCB5B-82E1-4879-A24D-7562F8E9074A}.Debug|Any CPU.Build.0 = Debug|Any CPU
		{D27CCB5B-82E1-4879-A24D-7562F8E9074A}.Release|Any CPU.ActiveCfg = Release|Any CPU
		{D27CCB5B-82E1-4879-A24D-7562F8E9074A}.Release|Any CPU.Build.0 = Release|Any CPU
	EndGlobalSection
	GlobalSection(SolutionProperties) = preSolution
		HideSolutionNode = FALSE
	EndGlobalSection
	GlobalSection(ExtensibilityGlobals) = postSolution
		SolutionGuid = {E968AB01-A668-40D7-8291-A081A686CF19}
	EndGlobalSection
EndGlobal
